// !$*UTF8*$!
{
	archiveVersion = 1;
	classes = {
	};
	objectVersion = 50;
	objects = {

/* Begin PBXBuildFile section */
		D739E3872507B38800570311 /* AppDelegate.swift in Sources */ = {isa = PBXBuildFile; fileRef = D739E3862507B38800570311 /* AppDelegate.swift */; };
		D739E3892507B38800570311 /* SceneDelegate.swift in Sources */ = {isa = PBXBuildFile; fileRef = D739E3882507B38800570311 /* SceneDelegate.swift */; };
		D739E38B2507B38800570311 /* ViewController.swift in Sources */ = {isa = PBXBuildFile; fileRef = D739E38A2507B38800570311 /* ViewController.swift */; };
		D739E38E2507B38800570311 /* Main.storyboard in Resources */ = {isa = PBXBuildFile; fileRef = D739E38C2507B38800570311 /* Main.storyboard */; };
		D739E3912507B38800570311 /* Movies_Using_MVp_with_RxSwift.xcdatamodeld in Sources */ = {isa = PBXBuildFile; fileRef = D739E38F2507B38800570311 /* Movies_Using_MVp_with_RxSwift.xcdatamodeld */; };
		D739E3932507B38D00570311 /* Assets.xcassets in Resources */ = {isa = PBXBuildFile; fileRef = D739E3922507B38D00570311 /* Assets.xcassets */; };
		D739E3962507B38D00570311 /* LaunchScreen.storyboard in Resources */ = {isa = PBXBuildFile; fileRef = D739E3942507B38D00570311 /* LaunchScreen.storyboard */; };
/* End PBXBuildFile section */

/* Begin PBXFileReference section */
		D739E3832507B38800570311 /* Movies Using MVp with RxSwift.app */ = {isa = PBXFileReference; explicitFileType = wrapper.application; includeInIndex = 0; path = "Movies Using MVp with RxSwift.app"; sourceTree = BUILT_PRODUCTS_DIR; };
		D739E3862507B38800570311 /* AppDelegate.swift */ = {isa = PBXFileReference; lastKnownFileType = sourcecode.swift; path = AppDelegate.swift; sourceTree = "<group>"; };
		D739E3882507B38800570311 /* SceneDelegate.swift */ = {isa = PBXFileReference; lastKnownFileType = sourcecode.swift; path = SceneDelegate.swift; sourceTree = "<group>"; };
		D739E38A2507B38800570311 /* ViewController.swift */ = {isa = PBXFileReference; lastKnownFileType = sourcecode.swift; path = ViewController.swift; sourceTree = "<group>"; };
		D739E38D2507B38800570311 /* Base */ = {isa = PBXFileReference; lastKnownFileType = file.storyboard; name = Base; path = Base.lproj/Main.storyboard; sourceTree = "<group>"; };
		D739E3902507B38800570311 /* Movies_Using_MVp_with_RxSwift.xcdatamodel */ = {isa = PBXFileReference; lastKnownFileType = wrapper.xcdatamodel; path = Movies_Using_MVp_with_RxSwift.xcdatamodel; sourceTree = "<group>"; };
		D739E3922507B38D00570311 /* Assets.xcassets */ = {isa = PBXFileReference; lastKnownFileType = folder.assetcatalog; path = Assets.xcassets; sourceTree = "<group>"; };
		D739E3952507B38D00570311 /* Base */ = {isa = PBXFileReference; lastKnownFileType = file.storyboard; name = Base; path = Base.lproj/LaunchScreen.storyboard; sourceTree = "<group>"; };
		D739E3972507B38D00570311 /* Info.plist */ = {isa = PBXFileReference; lastKnownFileType = text.plist.xml; path = Info.plist; sourceTree = "<group>"; };
/* End PBXFileReference section */

/* Begin PBXFrameworksBuildPhase section */
		D739E3802507B38800570311 /* Frameworks */ = {
			isa = PBXFrameworksBuildPhase;
			buildActionMask = 2147483647;
			files = (
			);
			runOnlyForDeploymentPostprocessing = 0;
		};
/* End PBXFrameworksBuildPhase section */

/* Begin PBXGroup section */
		D739E37A2507B38800570311 = {
			isa = PBXGroup;
			children = (
				D739E3852507B38800570311 /* Movies Using MVp with RxSwift */,
				D739E3842507B38800570311 /* Products */,
			);
			sourceTree = "<group>";
		};
		D739E3842507B38800570311 /* Products */ = {
			isa = PBXGroup;
			children = (
				D739E3832507B38800570311 /* Movies Using MVp with RxSwift.app */,
			);
			name = Products;
			sourceTree = "<group>";
		};
		D739E3852507B38800570311 /* Movies Using MVp with RxSwift */ = {
			isa = PBXGroup;
			children = (
				D739E3862507B38800570311 /* AppDelegate.swift */,
				D739E3882507B38800570311 /* SceneDelegate.swift */,
				D739E38A2507B38800570311 /* ViewController.swift */,
				D739E38C2507B38800570311 /* Main.storyboard */,
				D739E3922507B38D00570311 /* Assets.xcassets */,
				D739E3942507B38D00570311 /* LaunchScreen.storyboard */,
				D739E3972507B38D00570311 /* Info.plist */,
				D739E38F2507B38800570311 /* Movies_Using_MVp_with_RxSwift.xcdatamodeld */,
			);
			path = "Movies Using MVp with RxSwift";
			sourceTree = "<group>";
		};
/* End PBXGroup section */

/* Begin PBXNativeTarget section */
		D739E3822507B38800570311 /* Movies Using MVp with RxSwift */ = {
			isa = PBXNativeTarget;
			buildConfigurationList = D739E39A2507B38D00570311 /* Build configuration list for PBXNativeTarget "Movies Using MVp with RxSwift" */;
			buildPhases = (
				D739E37F2507B38800570311 /* Sources */,
				D739E3802507B38800570311 /* Frameworks */,
				D739E3812507B38800570311 /* Resources */,
			);
			buildRules = (
			);
			dependencies = (
			);
			name = "Movies Using MVp with RxSwift";
			productName = "Movies Using MVp with RxSwift";
			productReference = D739E3832507B38800570311 /* Movies Using MVp with RxSwift.app */;
			productType = "com.apple.product-type.application";
		};
/* End PBXNativeTarget section */

/* Begin PBXProject section */
		D739E37B2507B38800570311 /* Project object */ = {
			isa = PBXProject;
			attributes = {
				LastSwiftUpdateCheck = 1140;
				LastUpgradeCheck = 1140;
				ORGANIZATIONNAME = "Hany Karam";
				TargetAttributes = {
					D739E3822507B38800570311 = {
						CreatedOnToolsVersion = 11.4;
					};
				};
			};
			buildConfigurationList = D739E37E2507B38800570311 /* Build configuration list for PBXProject "Movies Using MVp with RxSwift" */;
			compatibilityVersion = "Xcode 9.3";
			developmentRegion = en;
			hasScannedForEncodings = 0;
			knownRegions = (
				en,
				Base,
			);
			mainGroup = D739E37A2507B38800570311;
			productRefGroup = D739E3842507B38800570311 /* Products */;
			projectDirPath = "";
			projectRoot = "";
			targets = (
				D739E3822507B38800570311 /* Movies Using MVp with RxSwift */,
			);
		};
/* End PBXProject section */

/* Begin PBXResourcesBuildPhase section */
		D739E3812507B38800570311 /* Resources */ = {
			isa = PBXResourcesBuildPhase;
			buildActionMask = 2147483647;
			files = (
				D739E3962507B38D00570311 /* LaunchScreen.storyboard in Resources */,
				D739E3932507B38D00570311 /* Assets.xcassets in Resources */,
				D739E38E2507B38800570311 /* Main.storyboard in Resources */,
			);
			runOnlyForDeploymentPostprocessing = 0;
		};
/* End PBXResourcesBuildPhase section */

/* Begin PBXSourcesBuildPhase section */
		D739E37F2507B38800570311 /* Sources */ = {
			isa = PBXSourcesBuildPhase;
			buildActionMask = 2147483647;
			files = (
				D739E38B2507B38800570311 /* ViewController.swift in Sources */,
				D739E3912507B38800570311 /* Movies_Using_MVp_with_RxSwift.xcdatamodeld in Sources */,
				D739E3872507B38800570311 /* AppDelegate.swift in Sources */,
				D739E3892507B38800570311 /* SceneDelegate.swift in Sources */,
			);
			runOnlyForDeploymentPostprocessing = 0;
		};
/* End PBXSourcesBuildPhase section */

/* Begin PBXVariantGroup section */
		D739E38C2507B38800570311 /* Main.storyboard */ = {
			isa = PBXVariantGroup;
			children = (
				D739E38D2507B38800570311 /* Base */,
			);
			name = Main.storyboard;
			sourceTree = "<group>";
		};
		D739E3942507B38D00570311 /* LaunchScreen.storyboard */ = {
			isa = PBXVariantGroup;
			children = (
				D739E3952507B38D00570311 /* Base */,
			);
			name = LaunchScreen.storyboard;
			sourceTree = "<group>";
		};
/* End PBXVariantGroup section */

/* Begin XCBuildConfiguration section */
		D739E3982507B38D00570311 /* Debug */ = {
			isa = XCBuildConfiguration;
			buildSettings = {
				ALWAYS_SEARCH_USER_PATHS = NO;
				CLANG_ANALYZER_NONNULL = YES;
				CLANG_ANALYZER_NUMBER_OBJECT_CONVERSION = YES_AGGRESSIVE;
				CLANG_CXX_LANGUAGE_STANDARD = "gnu++14";
				CLANG_CXX_LIBRARY = "libc++";
				CLANG_ENABLE_MODULES = YES;
				CLANG_ENABLE_OBJC_ARC = YES;
				CLANG_ENABLE_OBJC_WEAK = YES;
				CLANG_WARN_BLOCK_CAPTURE_AUTORELEASING = YES;
				CLANG_WARN_BOOL_CONVERSION = YES;
				CLANG_WARN_COMMA = YES;
				CLANG_WARN_CONSTANT_CONVERSION = YES;
				CLANG_WARN_DEPRECATED_OBJC_IMPLEMENTATIONS = YES;
				CLANG_WARN_DIRECT_OBJC_ISA_USAGE = YES_ERROR;
				CLANG_WARN_DOCUMENTATION_COMMENTS = YES;
				CLANG_WARN_EMPTY_BODY = YES;
				CLANG_WARN_ENUM_CONVERSION = YES;
				CLANG_WARN_INFINITE_RECURSION = YES;
				CLANG_WARN_INT_CONVERSION = YES;
				CLANG_WARN_NON_LITERAL_NULL_CONVERSION = YES;
				CLANG_WARN_OBJC_IMPLICIT_RETAIN_SELF = YES;
				CLANG_WARN_OBJC_LITERAL_CONVERSION = YES;
				CLANG_WARN_OBJC_ROOT_CLASS = YES_ERROR;
				CLANG_WARN_RANGE_LOOP_ANALYSIS = YES;
				CLANG_WARN_STRICT_PROTOTYPES = YES;
				CLANG_WARN_SUSPICIOUS_MOVE = YES;
				CLANG_WARN_UNGUARDED_AVAILABILITY = YES_AGGRESSIVE;
				CLANG_WARN_UNREACHABLE_CODE = YES;
				CLANG_WARN__DUPLICATE_METHOD_MATCH = YES;
				COPY_PHASE_STRIP = NO;
				DEBUG_INFORMATION_FORMAT = dwarf;
				ENABLE_STRICT_OBJC_MSGSEND = YES;
				ENABLE_TESTABILITY = YES;
				GCC_C_LANGUAGE_STANDARD = gnu11;
				GCC_DYNAMIC_NO_PIC = NO;
				GCC_NO_COMMON_BLOCKS = YES;
				GCC_OPTIMIZATION_LEVEL = 0;
				GCC_PREPROCESSOR_DEFINITIONS = (
					"DEBUG=1",
					"$(inherited)",
				);
				GCC_WARN_64_TO_32_BIT_CONVERSION = YES;
				GCC_WARN_ABOUT_RETURN_TYPE = YES_ERROR;
				GCC_WARN_UNDECLARED_SELECTOR = YES;
				GCC_WARN_UNINITIALIZED_AUTOS = YES_AGGRESSIVE;
				GCC_WARN_UNUSED_FUNCTION = YES;
				GCC_WARN_UNUSED_VARIABLE = YES;
				IPHONEOS_DEPLOYMENT_TARGET = 13.4;
				MTL_ENABLE_DEBUG_INFO = INCLUDE_SOURCE;
				MTL_FAST_MATH = YES;
				ONLY_ACTIVE_ARCH = YES;
				SDKROOT = iphoneos;
				SWIFT_ACTIVE_COMPILATION_CONDITIONS = DEBUG;
				SWIFT_OPTIMIZATION_LEVEL = "-Onone";
			};
			name = Debug;
		};
		D739E3992507B38D00570311 /* Release */ = {
			isa = XCBuildConfiguration;
			buildSettings = {
				ALWAYS_SEARCH_USER_PATHS = NO;
				CLANG_ANALYZER_NONNULL = YES;
				CLANG_ANALYZER_NUMBER_OBJECT_CONVERSION = YES_AGGRESSIVE;
				CLANG_CXX_LANGUAGE_STANDARD = "gnu++14";
				CLANG_CXX_LIBRARY = "libc++";
				CLANG_ENABLE_MODULES = YES;
				CLANG_ENABLE_OBJC_ARC = YES;
				CLANG_ENABLE_OBJC_WEAK = YES;
				CLANG_WARN_BLOCK_CAPTURE_AUTORELEASING = YES;
				CLANG_WARN_BOOL_CONVERSION = YES;
				CLANG_WARN_COMMA = YES;
				CLANG_WARN_CONSTANT_CONVERSION = YES;
				CLANG_WARN_DEPRECATED_OBJC_IMPLEMENTATIONS = YES;
				CLANG_WARN_DIRECT_OBJC_ISA_USAGE = YES_ERROR;
				CLANG_WARN_DOCUMENTATION_COMMENTS = YES;
				CLANG_WARN_EMPTY_BODY = YES;
				CLANG_WARN_ENUM_CONVERSION = YES;
				CLANG_WARN_INFINITE_RECURSION = YES;
				CLANG_WARN_INT_CONVERSION = YES;
				CLANG_WARN_NON_LITERAL_NULL_CONVERSION = YES;
				CLANG_WARN_OBJC_IMPLICIT_RETAIN_SELF = YES;
				CLANG_WARN_OBJC_LITERAL_CONVERSION = YES;
				CLANG_WARN_OBJC_ROOT_CLASS = YES_ERROR;
				CLANG_WARN_RANGE_LOOP_ANALYSIS = YES;
				CLANG_WARN_STRICT_PROTOTYPES = YES;
				CLANG_WARN_SUSPICIOUS_MOVE = YES;
				CLANG_WARN_UNGUARDED_AVAILABILITY = YES_AGGRESSIVE;
				CLANG_WARN_UNREACHABLE_CODE = YES;
				CLANG_WARN__DUPLICATE_METHOD_MATCH = YES;
				COPY_PHASE_STRIP = NO;
				DEBUG_INFORMATION_FORMAT = "dwarf-with-dsym";
				ENABLE_NS_ASSERTIONS = NO;
				ENABLE_STRICT_OBJC_MSGSEND = YES;
				GCC_C_LANGUAGE_STANDARD = gnu11;
				GCC_NO_COMMON_BLOCKS = YES;
				GCC_WARN_64_TO_32_BIT_CONVERSION = YES;
				GCC_WARN_ABOUT_RETURN_TYPE = YES_ERROR;
				GCC_WARN_UNDECLARED_SELECTOR = YES;
				GCC_WARN_UNINITIALIZED_AUTOS = YES_AGGRESSIVE;
				GCC_WARN_UNUSED_FUNCTION = YES;
				GCC_WARN_UNUSED_VARIABLE = YES;
				IPHONEOS_DEPLOYMENT_TARGET = 13.4;
				MTL_ENABLE_DEBUG_INFO = NO;
				MTL_FAST_MATH = YES;
				SDKROOT = iphoneos;
				SWIFT_COMPILATION_MODE = wholemodule;
				SWIFT_OPTIMIZATION_LEVEL = "-O";
				VALIDATE_PRODUCT = YES;
			};
			name = Release;
		};
		D739E39B2507B38D00570311 /* Debug */ = {
			isa = XCBuildConfiguration;
			buildSettings = {
				ASSETCATALOG_COMPILER_APPICON_NAME = AppIcon;
				CODE_SIGN_STYLE = Automatic;
				INFOPLIST_FILE = "Movies Using MVp with RxSwift/Info.plist";
				LD_RUNPATH_SEARCH_PATHS = (
					"$(inherited)",
					"@executable_path/Frameworks",
				);
				PRODUCT_BUNDLE_IDENTIFIER = "hany.Movies-Using-MVp-with-RxSwift";
				PRODUCT_NAME = "$(TARGET_NAME)";
				SWIFT_VERSION = 5.0;
				TARGETED_DEVICE_FAMILY = "1,2";
			};
			name = Debug;
		};
		D739E39C2507B38D00570311 /* Release */ = {
			isa = XCBuildConfiguration;
			buildSettings = {
				ASSETCATALOG_COMPILER_APPICON_NAME = AppIcon;
				CODE_SIGN_STYLE = Automatic;
				INFOPLIST_FILE = "Movies Using MVp with RxSwift/Info.plist";
				LD_RUNPATH_SEARCH_PATHS = (
					"$(inherited)",
					"@executable_path/Frameworks",
				);
				PRODUCT_BUNDLE_IDENTIFIER = "hany.Movies-Using-MVp-with-RxSwift";
				PRODUCT_NAME = "$(TARGET_NAME)";
				SWIFT_VERSION = 5.0;
				TARGETED_DEVICE_FAMILY = "1,2";
			};
			name = Release;
		};
/* End XCBuildConfiguration section */

/* Begin XCConfigurationList section */
		D739E37E2507B38800570311 /* Build configuration list for PBXProject "Movies Using MVp with RxSwift" */ = {
			isa = XCConfigurationList;
			buildConfigurations = (
				D739E3982507B38D00570311 /* Debug */,
				D739E3992507B38D00570311 /* Release */,
			);
			defaultConfigurationIsVisible = 0;
			defaultConfigurationName = Release;
		};
		D739E39A2507B38D00570311 /* Build configuration list for PBXNativeTarget "Movies Using MVp with RxSwift" */ = {
			isa = XCConfigurationList;
			buildConfigurations = (
				D739E39B2507B38D00570311 /* Debug */,
				D739E39C2507B38D00570311 /* Release */,
			);
			defaultConfigurationIsVisible = 0;
			defaultConfigurationName = Release;
		};
/* End XCConfigurationList section */

/* Begin XCVersionGroup section */
		D739E38F2507B38800570311 /* Movies_Using_MVp_with_RxSwift.xcdatamodeld */ = {
			isa = XCVersionGroup;
			children = (
				D739E3902507B38800570311 /* Movies_Using_MVp_with_RxSwift.xcdatamodel */,
			);
			currentVersion = D739E3902507B38800570311 /* Movies_Using_MVp_with_RxSwift.xcdatamodel */;
			path = Movies_Using_MVp_with_RxSwift.xcdatamodeld;
			sourceTree = "<group>";
			versionGroupType = wrapper.xcdatamodel;
		};
/* End XCVersionGroup section */
	};
	rootObject = D739E37B2507B38800570311 /* Project object */;
}
